
Microsoft Visual Studio Solution File, Format Version 12.00
# Visual Studio Version 17
VisualStudioVersion = 17.9.34622.214
MinimumVisualStudioVersion = 10.0.40219.1
Project("{9A19103F-16F7-4668-BE54-9A1E7A4F7556}") = "SecureDigitalHealthcare", "SecureDigitalHealthcare\SecureDigitalHealthcare.csproj", "{D7D9C467-1948-43D0-9F34-9D487043064A}"
EndProject
Project("{54A90642-561A-4BB1-A94E-469ADEE60C69}") = "EasyHealthVideoCall", "EasyHealthVideoCall\EasyHealthVideoCall.esproj", "{60E472FB-BF56-4288-BD08-8FCB732296C5}"
EndProject
Global
	GlobalSection(SolutionConfigurationPlatforms) = preSolution
		Debug|Any CPU = Debug|Any CPU
		Release|Any CPU = Release|Any CPU
	EndGlobalSection
	GlobalSection(ProjectConfigurationPlatforms) = postSolution
		{D7D9C467-1948-43D0-9F34-9D487043064A}.Debug|Any CPU.ActiveCfg = Debug|Any CPU
		{D7D9C467-1948-43D0-9F34-9D487043064A}.Debug|Any CPU.Build.0 = Debug|Any CPU
		{D7D9C467-1948-43D0-9F34-9D487043064A}.Release|Any CPU.ActiveCfg = Release|Any CPU
		{D7D9C467-1948-43D0-9F34-9D487043064A}.Release|Any CPU.Build.0 = Release|Any CPU
		{60E472FB-BF56-4288-BD08-8FCB732296C5}.Debug|Any CPU.ActiveCfg = Debug|Any CPU
		{60E472FB-BF56-4288-BD08-8FCB732296C5}.Debug|Any CPU.Build.0 = Debug|Any CPU
		{60E472FB-BF56-4288-BD08-8FCB732296C5}.Debug|Any CPU.Deploy.0 = Debug|Any CPU
		{60E472FB-BF56-4288-BD08-8FCB732296C5}.Release|Any CPU.ActiveCfg = Release|Any CPU
		{60E472FB-BF56-4288-BD08-8FCB732296C5}.Release|Any CPU.Build.0 = Release|Any CPU
		{60E472FB-BF56-4288-BD08-8FCB732296C5}.Release|Any CPU.Deploy.0 = Release|Any CPU
	EndGlobalSection
	GlobalSection(SolutionProperties) = preSolution
		HideSolutionNode = FALSE
	EndGlobalSection
	GlobalSection(ExtensibilityGlobals) = postSolution
		SolutionGuid = {D884D867-A6CC-46EF-802B-6DB1FBEA2EE3}
	EndGlobalSection
EndGlobal
